
Microsoft Visual Studio Solution File, Format Version 12.00
# Visual Studio Version 16
VisualStudioVersion = 16.0.30320.27
MinimumVisualStudioVersion = 10.0.40219.1
Project("{FAE04EC0-301F-11D3-BF4B-00C04F79EFBC}") = "ProjetoWeb", "ProjetoWeb\ProjetoWeb.csproj", "{186CB7CB-E549-4A2C-B9A0-E44FDB2DB77B}"
EndProject
Global
	GlobalSection(SolutionConfigurationPlatforms) = preSolution
		Debug|Any CPU = Debug|Any CPU
		Release|Any CPU = Release|Any CPU
	EndGlobalSection
	GlobalSection(ProjectConfigurationPlatforms) = postSolution
		{186CB7CB-E549-4A2C-B9A0-E44FDB2DB77B}.Debug|Any CPU.ActiveCfg = Debug|Any CPU
		{186CB7CB-E549-4A2C-B9A0-E44FDB2DB77B}.Debug|Any CPU.Build.0 = Debug|Any CPU
		{186CB7CB-E549-4A2C-B9A0-E44FDB2DB77B}.Release|Any CPU.ActiveCfg = Release|Any CPU
		{186CB7CB-E549-4A2C-B9A0-E44FDB2DB77B}.Release|Any CPU.Build.0 = Release|Any CPU
	EndGlobalSection
	GlobalSection(SolutionProperties) = preSolution
		HideSolutionNode = FALSE
	EndGlobalSection
	GlobalSection(ExtensibilityGlobals) = postSolution
		SolutionGuid = {A3A14524-046D-47CB-BCEB-C0209B94B303}
	EndGlobalSection
EndGlobal
